
Microsoft Visual Studio Solution File, Format Version 12.00
# Visual Studio Version 17
VisualStudioVersion = 17.0.31903.59
MinimumVisualStudioVersion = 10.0.40219.1
Project("{FAE04EC0-301F-11D3-BF4B-00C04F79EFBC}") = "SharpView.Server", "SharpView.Server\SharpView.Server.csproj", "{C60B0B5F-A80D-4F64-9013-8BACCAEAB407}"
EndProject
Project("{FAE04EC0-301F-11D3-BF4B-00C04F79EFBC}") = "SharpView.Client", "SharpView.Client\SharpView.Client.csproj", "{981855CE-DE81-4CE5-B27B-AF4B3DEF90D1}"
EndProject
Project("{FAE04EC0-301F-11D3-BF4B-00C04F79EFBC}") = "NetworkCore", "NetworkCore\NetworkCore.csproj", "{92A5F8CD-FCF3-4DC1-8B8C-3103DE397D4D}"
EndProject
Project("{FAE04EC0-301F-11D3-BF4B-00C04F79EFBC}") = "SharpView.Relay", "SharpView.Relay\SharpView.Relay.csproj", "{0222AD14-4F8B-4FBF-9D90-A667D0A6930E}"
EndProject
Global
	GlobalSection(SolutionConfigurationPlatforms) = preSolution
		Debug|Any CPU = Debug|Any CPU
		Debug|x64 = Debug|x64
		Debug|x86 = Debug|x86
		Release|Any CPU = Release|Any CPU
		Release|x64 = Release|x64
		Release|x86 = Release|x86
	EndGlobalSection
	GlobalSection(ProjectConfigurationPlatforms) = postSolution
		{C60B0B5F-A80D-4F64-9013-8BACCAEAB407}.Debug|Any CPU.ActiveCfg = Debug|Any CPU
		{C60B0B5F-A80D-4F64-9013-8BACCAEAB407}.Debug|Any CPU.Build.0 = Debug|Any CPU
		{C60B0B5F-A80D-4F64-9013-8BACCAEAB407}.Debug|x64.ActiveCfg = Debug|Any CPU
		{C60B0B5F-A80D-4F64-9013-8BACCAEAB407}.Debug|x64.Build.0 = Debug|Any CPU
		{C60B0B5F-A80D-4F64-9013-8BACCAEAB407}.Debug|x86.ActiveCfg = Debug|Any CPU
		{C60B0B5F-A80D-4F64-9013-8BACCAEAB407}.Debug|x86.Build.0 = Debug|Any CPU
		{C60B0B5F-A80D-4F64-9013-8BACCAEAB407}.Release|Any CPU.ActiveCfg = Release|Any CPU
		{C60B0B5F-A80D-4F64-9013-8BACCAEAB407}.Release|Any CPU.Build.0 = Release|Any CPU
		{C60B0B5F-A80D-4F64-9013-8BACCAEAB407}.Release|x64.ActiveCfg = Release|Any CPU
		{C60B0B5F-A80D-4F64-9013-8BACCAEAB407}.Release|x64.Build.0 = Release|Any CPU
		{C60B0B5F-A80D-4F64-9013-8BACCAEAB407}.Release|x86.ActiveCfg = Release|Any CPU
		{C60B0B5F-A80D-4F64-9013-8BACCAEAB407}.Release|x86.Build.0 = Release|Any CPU
		{981855CE-DE81-4CE5-B27B-AF4B3DEF90D1}.Debug|Any CPU.ActiveCfg = Debug|Any CPU
		{981855CE-DE81-4CE5-B27B-AF4B3DEF90D1}.Debug|Any CPU.Build.0 = Debug|Any CPU
		{981855CE-DE81-4CE5-B27B-AF4B3DEF90D1}.Debug|x64.ActiveCfg = Debug|Any CPU
		{981855CE-DE81-4CE5-B27B-AF4B3DEF90D1}.Debug|x64.Build.0 = Debug|Any CPU
		{981855CE-DE81-4CE5-B27B-AF4B3DEF90D1}.Debug|x86.ActiveCfg = Debug|Any CPU
		{981855CE-DE81-4CE5-B27B-AF4B3DEF90D1}.Debug|x86.Build.0 = Debug|Any CPU
		{981855CE-DE81-4CE5-B27B-AF4B3DEF90D1}.Release|Any CPU.ActiveCfg = Release|Any CPU
		{981855CE-DE81-4CE5-B27B-AF4B3DEF90D1}.Release|Any CPU.Build.0 = Release|Any CPU
		{981855CE-DE81-4CE5-B27B-AF4B3DEF90D1}.Release|x64.ActiveCfg = Release|Any CPU
		{981855CE-DE81-4CE5-B27B-AF4B3DEF90D1}.Release|x64.Build.0 = Release|Any CPU
		{981855CE-DE81-4CE5-B27B-AF4B3DEF90D1}.Release|x86.ActiveCfg = Release|Any CPU
		{981855CE-DE81-4CE5-B27B-AF4B3DEF90D1}.Release|x86.Build.0 = Release|Any CPU
		{92A5F8CD-FCF3-4DC1-8B8C-3103DE397D4D}.Debug|Any CPU.ActiveCfg = Debug|Any CPU
		{92A5F8CD-FCF3-4DC1-8B8C-3103DE397D4D}.Debug|Any CPU.Build.0 = Debug|Any CPU
		{92A5F8CD-FCF3-4DC1-8B8C-3103DE397D4D}.Debug|x64.ActiveCfg = Debug|Any CPU
		{92A5F8CD-FCF3-4DC1-8B8C-3103DE397D4D}.Debug|x64.Build.0 = Debug|Any CPU
		{92A5F8CD-FCF3-4DC1-8B8C-3103DE397D4D}.Debug|x86.ActiveCfg = Debug|Any CPU
		{92A5F8CD-FCF3-4DC1-8B8C-3103DE397D4D}.Debug|x86.Build.0 = Debug|Any CPU
		{92A5F8CD-FCF3-4DC1-8B8C-3103DE397D4D}.Release|Any CPU.ActiveCfg = Release|Any CPU
		{92A5F8CD-FCF3-4DC1-8B8C-3103DE397D4D}.Release|Any CPU.Build.0 = Release|Any CPU
		{92A5F8CD-FCF3-4DC1-8B8C-3103DE397D4D}.Release|x64.ActiveCfg = Release|Any CPU
		{92A5F8CD-FCF3-4DC1-8B8C-3103DE397D4D}.Release|x64.Build.0 = Release|Any CPU
		{92A5F8CD-FCF3-4DC1-8B8C-3103DE397D4D}.Release|x86.ActiveCfg = Release|Any CPU
		{92A5F8CD-FCF3-4DC1-8B8C-3103DE397D4D}.Release|x86.Build.0 = Release|Any CPU
		{0222AD14-4F8B-4FBF-9D90-A667D0A6930E}.Debug|Any CPU.ActiveCfg = Debug|Any CPU
		{0222AD14-4F8B-4FBF-9D90-A667D0A6930E}.Debug|Any CPU.Build.0 = Debug|Any CPU
		{0222AD14-4F8B-4FBF-9D90-A667D0A6930E}.Debug|x64.ActiveCfg = Debug|Any CPU
		{0222AD14-4F8B-4FBF-9D90-A667D0A6930E}.Debug|x64.Build.0 = Debug|Any CPU
		{0222AD14-4F8B-4FBF-9D90-A667D0A6930E}.Debug|x86.ActiveCfg = Debug|Any CPU
		{0222AD14-4F8B-4FBF-9D90-A667D0A6930E}.Debug|x86.Build.0 = Debug|Any CPU
		{0222AD14-4F8B-4FBF-9D90-A667D0A6930E}.Release|Any CPU.ActiveCfg = Release|Any CPU
		{0222AD14-4F8B-4FBF-9D90-A667D0A6930E}.Release|Any CPU.Build.0 = Release|Any CPU
		{0222AD14-4F8B-4FBF-9D90-A667D0A6930E}.Release|x64.ActiveCfg = Release|Any CPU
		{0222AD14-4F8B-4FBF-9D90-A667D0A6930E}.Release|x64.Build.0 = Release|Any CPU
		{0222AD14-4F8B-4FBF-9D90-A667D0A6930E}.Release|x86.ActiveCfg = Release|Any CPU
		{0222AD14-4F8B-4FBF-9D90-A667D0A6930E}.Release|x86.Build.0 = Release|Any CPU
	EndGlobalSection
	GlobalSection(SolutionProperties) = preSolution
		HideSolutionNode = FALSE
	EndGlobalSection
EndGlobal
